
Microsoft Visual Studio Solution File, Format Version 12.00
# Visual Studio Version 16
VisualStudioVersion = 25.0.1706.9
MinimumVisualStudioVersion = 10.0.40219.1
Project("{FAE04EC0-301F-11D3-BF4B-00C04F79EFBC}") = "ReferenceTypes", "ReferenceTypes\ReferenceTypes.csproj", "{069EFACD-A508-4A0B-9969-0DD1A072C4BE}"
EndProject
Project("{FAE04EC0-301F-11D3-BF4B-00C04F79EFBC}") = "Constructors", "Constructors\Constructors.csproj", "{01B236D0-DD5C-4680-A310-94E74143D700}"
EndProject
Project("{FAE04EC0-301F-11D3-BF4B-00C04F79EFBC}") = "Interfaces", "Interfaces\Interfaces.csproj", "{D2BA7BFF-E7BE-4ACA-90C5-B5A477FFE3C2}"
EndProject
Global
	GlobalSection(SolutionConfigurationPlatforms) = preSolution
		Debug|Any CPU = Debug|Any CPU
		Release|Any CPU = Release|Any CPU
	EndGlobalSection
	GlobalSection(ProjectConfigurationPlatforms) = postSolution
		{069EFACD-A508-4A0B-9969-0DD1A072C4BE}.Debug|Any CPU.ActiveCfg = Debug|Any CPU
		{069EFACD-A508-4A0B-9969-0DD1A072C4BE}.Debug|Any CPU.Build.0 = Debug|Any CPU
		{069EFACD-A508-4A0B-9969-0DD1A072C4BE}.Release|Any CPU.ActiveCfg = Release|Any CPU
		{069EFACD-A508-4A0B-9969-0DD1A072C4BE}.Release|Any CPU.Build.0 = Release|Any CPU
		{01B236D0-DD5C-4680-A310-94E74143D700}.Debug|Any CPU.ActiveCfg = Debug|Any CPU
		{01B236D0-DD5C-4680-A310-94E74143D700}.Debug|Any CPU.Build.0 = Debug|Any CPU
		{01B236D0-DD5C-4680-A310-94E74143D700}.Release|Any CPU.ActiveCfg = Release|Any CPU
		{01B236D0-DD5C-4680-A310-94E74143D700}.Release|Any CPU.Build.0 = Release|Any CPU
		{D2BA7BFF-E7BE-4ACA-90C5-B5A477FFE3C2}.Debug|Any CPU.ActiveCfg = Debug|Any CPU
		{D2BA7BFF-E7BE-4ACA-90C5-B5A477FFE3C2}.Debug|Any CPU.Build.0 = Debug|Any CPU
		{D2BA7BFF-E7BE-4ACA-90C5-B5A477FFE3C2}.Release|Any CPU.ActiveCfg = Release|Any CPU
		{D2BA7BFF-E7BE-4ACA-90C5-B5A477FFE3C2}.Release|Any CPU.Build.0 = Release|Any CPU
	EndGlobalSection
	GlobalSection(SolutionProperties) = preSolution
		HideSolutionNode = FALSE
	EndGlobalSection
	GlobalSection(ExtensibilityGlobals) = postSolution
		SolutionGuid = {7B8C64E9-A382-4994-9A09-544414540289}
	EndGlobalSection
EndGlobal
